
Microsoft Visual Studio Solution File, Format Version 12.00
# Visual Studio Version 17
VisualStudioVersion = 17.0.31903.59
MinimumVisualStudioVersion = 10.0.40219.1
Project("{FAE04EC0-301F-11D3-BF4B-00C04F79EFBC}") = "Mezhs.Api", "src\Mezhs.Api\Mezhs.Api.csproj", "{94D76B09-F6C1-41DC-B503-07225404269C}"
EndProject
Project("{FAE04EC0-301F-11D3-BF4B-00C04F79EFBC}") = "Mezhs.Api.Contracts", "src\Mezhs.Api.Contracts\Mezhs.Api.Contracts.csproj", "{D12F41F7-98C2-4A72-B71C-9271100B1A08}"
EndProject
Project("{FAE04EC0-301F-11D3-BF4B-00C04F79EFBC}") = "Mezhs.Api.Client", "src\Mezhs.Api.Client\Mezhs.Api.Client.csproj", "{D12F41F7-98C2-4A72-B71C-9271100B1A10}"
EndProject
Project("{FAE04EC0-301F-11D3-BF4B-00C04F79EFBC}") = "Mezhs.Agent.Api", "src\Mezhs.Agent.Api\Mezhs.Agent.Api.csproj", "{D12F41F7-98C2-4A72-B71C-9271100B1A07}"
EndProject
Project("{FAE04EC0-301F-11D3-BF4B-00C04F79EFBC}") = "Mezhs.Agent.Api.Client", "src\Mezhs.Agent.Api.Client\Mezhs.Agent.Api.Client.csproj", "{D12F41F7-98C2-4A72-B71C-9271100B1A11}"
EndProject
Project("{FAE04EC0-301F-11D3-BF4B-00C04F79EFBC}") = "Mezhs.Agent.Web", "src\Mezhs.Agent.Web\Mezhs.Agent.Web.csproj", "{D12F41F7-98C2-4A72-B71C-9271100B1A09}"
EndProject
Project("{FAE04EC0-301F-11D3-BF4B-00C04F79EFBC}") = "Mezhs.Web", "src\Mezhs.Web\Mezhs.Web.csproj", "{9A27915D-1118-4D44-93E6-A64E03437462}"
EndProject
Project("{FAE04EC0-301F-11D3-BF4B-00C04F79EFBC}") = "Mezhs.Browser.Abstractions", "transports\Mezhs.Browser.Abstractions\Mezhs.Browser.Abstractions.csproj", "{A61908C8-820F-49A1-9CC5-C5D53407EA63}"
EndProject
Project("{FAE04EC0-301F-11D3-BF4B-00C04F79EFBC}") = "Mezhs.Browser.Electron", "transports\Mezhs.Browser.Electron\Mezhs.Browser.Electron.csproj", "{E73D28CC-EF0D-464C-A56F-FC73A5DF97F5}"
EndProject
Project("{FAE04EC0-301F-11D3-BF4B-00C04F79EFBC}") = "Mezhs.Integration.Abstractions", "src\Mezhs.Integration.Abstractions\Mezhs.Integration.Abstractions.csproj", "{D12F41F7-98C2-4A72-B71C-9271100B1A01}"
EndProject
Project("{FAE04EC0-301F-11D3-BF4B-00C04F79EFBC}") = "Mezhs.Integration.Browser", "src\Mezhs.Integration.Browser\Mezhs.Integration.Browser.csproj", "{D12F41F7-98C2-4A72-B71C-9271100B1A02}"
EndProject
Project("{FAE04EC0-301F-11D3-BF4B-00C04F79EFBC}") = "Mezhs.Integrations.ChatGpt", "integrations\Mezhs.Integrations.ChatGpt\Mezhs.Integrations.ChatGpt.csproj", "{D12F41F7-98C2-4A72-B71C-9271100B1A03}"
EndProject
Project("{FAE04EC0-301F-11D3-BF4B-00C04F79EFBC}") = "Mezhs.Integrations.Gemini", "integrations\Mezhs.Integrations.Gemini\Mezhs.Integrations.Gemini.csproj", "{D12F41F7-98C2-4A72-B71C-9271100B1A04}"
EndProject
Project("{FAE04EC0-301F-11D3-BF4B-00C04F79EFBC}") = "Mezhs.Integrations.Grok", "integrations\Mezhs.Integrations.Grok\Mezhs.Integrations.Grok.csproj", "{D12F41F7-98C2-4A72-B71C-9271100B1A06}"
EndProject
Project("{FAE04EC0-301F-11D3-BF4B-00C04F79EFBC}") = "Mezhs.Integrations.Mock", "integrations\Mezhs.Integrations.Mock\Mezhs.Integrations.Mock.csproj", "{D12F41F7-98C2-4A72-B71C-9271100B1A05}"
EndProject
Project("{FAE04EC0-301F-11D3-BF4B-00C04F79EFBC}") = "Mezhs.Console", "src\Mezhs.Console\Mezhs.Console.csproj", "{D12F41F7-98C2-4A72-B71C-9271100B1A12}"
EndProject
Project("{FAE04EC0-301F-11D3-BF4B-00C04F79EFBC}") = "Mezhs.Sqlite", "src\Mezhs.Sqlite\Mezhs.Sqlite.csproj", "{D12F41F7-98C2-4A72-B71C-9271100B1A13}"
EndProject
Project("{FAE04EC0-301F-11D3-BF4B-00C04F79EFBC}") = "Mezhs.Executor", "src\Mezhs.Executor\Mezhs.Executor.csproj", "{D12F41F7-98C2-4A72-B71C-9271100B1A14}"
EndProject
Project("{2150E333-8FDC-42A3-9474-1A3956D46DE8}") = "src", "src", "{827E0CD3-B72D-47B6-A68D-7590B98EB39B}"
EndProject
Project("{FAE04EC0-301F-11D3-BF4B-00C04F79EFBC}") = "Mezhs.Log.Shared", "src\Mezhs.Log.Shared\Mezhs.Log.Shared.csproj", "{8D12F19D-2271-4A4A-9EEB-68060D744225}"
EndProject
Project("{FAE04EC0-301F-11D3-BF4B-00C04F79EFBC}") = "Mezhs.Log.Data", "src\Mezhs.Log.Data\Mezhs.Log.Data.csproj", "{E63E0A38-B354-43DD-9B30-34857E34E2FD}"
EndProject
Project("{FAE04EC0-301F-11D3-BF4B-00C04F79EFBC}") = "Mezhs.Log.Sql", "src\Mezhs.Log.Sql\Mezhs.Log.Sql.csproj", "{9ECCDCA4-2153-44D1-980A-4009CFDC4DB3}"
EndProject
Global
	GlobalSection(SolutionConfigurationPlatforms) = preSolution
		Debug|Any CPU = Debug|Any CPU
		Debug|x64 = Debug|x64
		Debug|x86 = Debug|x86
		Release|Any CPU = Release|Any CPU
		Release|x64 = Release|x64
		Release|x86 = Release|x86
	EndGlobalSection
	GlobalSection(ProjectConfigurationPlatforms) = postSolution
		{94D76B09-F6C1-41DC-B503-07225404269C}.Debug|Any CPU.ActiveCfg = Debug|Any CPU
		{94D76B09-F6C1-41DC-B503-07225404269C}.Debug|Any CPU.Build.0 = Debug|Any CPU
		{94D76B09-F6C1-41DC-B503-07225404269C}.Debug|x64.ActiveCfg = Debug|Any CPU
		{94D76B09-F6C1-41DC-B503-07225404269C}.Debug|x64.Build.0 = Debug|Any CPU
		{94D76B09-F6C1-41DC-B503-07225404269C}.Debug|x86.ActiveCfg = Debug|Any CPU
		{94D76B09-F6C1-41DC-B503-07225404269C}.Debug|x86.Build.0 = Debug|Any CPU
		{94D76B09-F6C1-41DC-B503-07225404269C}.Release|Any CPU.ActiveCfg = Release|Any CPU
		{94D76B09-F6C1-41DC-B503-07225404269C}.Release|Any CPU.Build.0 = Release|Any CPU
		{94D76B09-F6C1-41DC-B503-07225404269C}.Release|x64.ActiveCfg = Release|Any CPU
		{94D76B09-F6C1-41DC-B503-07225404269C}.Release|x64.Build.0 = Release|Any CPU
		{94D76B09-F6C1-41DC-B503-07225404269C}.Release|x86.ActiveCfg = Release|Any CPU
		{94D76B09-F6C1-41DC-B503-07225404269C}.Release|x86.Build.0 = Release|Any CPU
		{D12F41F7-98C2-4A72-B71C-9271100B1A08}.Debug|Any CPU.ActiveCfg = Debug|Any CPU
		{D12F41F7-98C2-4A72-B71C-9271100B1A08}.Debug|Any CPU.Build.0 = Debug|Any CPU
		{D12F41F7-98C2-4A72-B71C-9271100B1A08}.Debug|x64.ActiveCfg = Debug|Any CPU
		{D12F41F7-98C2-4A72-B71C-9271100B1A08}.Debug|x64.Build.0 = Debug|Any CPU
		{D12F41F7-98C2-4A72-B71C-9271100B1A08}.Debug|x86.ActiveCfg = Debug|Any CPU
		{D12F41F7-98C2-4A72-B71C-9271100B1A08}.Debug|x86.Build.0 = Debug|Any CPU
		{D12F41F7-98C2-4A72-B71C-9271100B1A08}.Release|Any CPU.ActiveCfg = Release|Any CPU
		{D12F41F7-98C2-4A72-B71C-9271100B1A08}.Release|Any CPU.Build.0 = Release|Any CPU
		{D12F41F7-98C2-4A72-B71C-9271100B1A08}.Release|x64.ActiveCfg = Release|Any CPU
		{D12F41F7-98C2-4A72-B71C-9271100B1A08}.Release|x64.Build.0 = Release|Any CPU
		{D12F41F7-98C2-4A72-B71C-9271100B1A08}.Release|x86.ActiveCfg = Release|Any CPU
		{D12F41F7-98C2-4A72-B71C-9271100B1A08}.Release|x86.Build.0 = Release|Any CPU
		{D12F41F7-98C2-4A72-B71C-9271100B1A10}.Debug|Any CPU.ActiveCfg = Debug|Any CPU
		{D12F41F7-98C2-4A72-B71C-9271100B1A10}.Debug|Any CPU.Build.0 = Debug|Any CPU
		{D12F41F7-98C2-4A72-B71C-9271100B1A10}.Debug|x64.ActiveCfg = Debug|Any CPU
		{D12F41F7-98C2-4A72-B71C-9271100B1A10}.Debug|x64.Build.0 = Debug|Any CPU
		{D12F41F7-98C2-4A72-B71C-9271100B1A10}.Debug|x86.ActiveCfg = Debug|Any CPU
		{D12F41F7-98C2-4A72-B71C-9271100B1A10}.Debug|x86.Build.0 = Debug|Any CPU
		{D12F41F7-98C2-4A72-B71C-9271100B1A10}.Release|Any CPU.ActiveCfg = Release|Any CPU
		{D12F41F7-98C2-4A72-B71C-9271100B1A10}.Release|Any CPU.Build.0 = Release|Any CPU
		{D12F41F7-98C2-4A72-B71C-9271100B1A10}.Release|x64.ActiveCfg = Release|Any CPU
		{D12F41F7-98C2-4A72-B71C-9271100B1A10}.Release|x64.Build.0 = Release|Any CPU
		{D12F41F7-98C2-4A72-B71C-9271100B1A10}.Release|x86.ActiveCfg = Release|Any CPU
		{D12F41F7-98C2-4A72-B71C-9271100B1A10}.Release|x86.Build.0 = Release|Any CPU
		{D12F41F7-98C2-4A72-B71C-9271100B1A07}.Debug|Any CPU.ActiveCfg = Debug|Any CPU
		{D12F41F7-98C2-4A72-B71C-9271100B1A07}.Debug|Any CPU.Build.0 = Debug|Any CPU
		{D12F41F7-98C2-4A72-B71C-9271100B1A07}.Debug|x64.ActiveCfg = Debug|Any CPU
		{D12F41F7-98C2-4A72-B71C-9271100B1A07}.Debug|x64.Build.0 = Debug|Any CPU
		{D12F41F7-98C2-4A72-B71C-9271100B1A07}.Debug|x86.ActiveCfg = Debug|Any CPU
		{D12F41F7-98C2-4A72-B71C-9271100B1A07}.Debug|x86.Build.0 = Debug|Any CPU
		{D12F41F7-98C2-4A72-B71C-9271100B1A07}.Release|Any CPU.ActiveCfg = Release|Any CPU
		{D12F41F7-98C2-4A72-B71C-9271100B1A07}.Release|Any CPU.Build.0 = Release|Any CPU
		{D12F41F7-98C2-4A72-B71C-9271100B1A07}.Release|x64.ActiveCfg = Release|Any CPU
		{D12F41F7-98C2-4A72-B71C-9271100B1A07}.Release|x64.Build.0 = Release|Any CPU
		{D12F41F7-98C2-4A72-B71C-9271100B1A07}.Release|x86.ActiveCfg = Release|Any CPU
		{D12F41F7-98C2-4A72-B71C-9271100B1A07}.Release|x86.Build.0 = Release|Any CPU
		{D12F41F7-98C2-4A72-B71C-9271100B1A11}.Debug|Any CPU.ActiveCfg = Debug|Any CPU
		{D12F41F7-98C2-4A72-B71C-9271100B1A11}.Debug|Any CPU.Build.0 = Debug|Any CPU
		{D12F41F7-98C2-4A72-B71C-9271100B1A11}.Debug|x64.ActiveCfg = Debug|Any CPU
		{D12F41F7-98C2-4A72-B71C-9271100B1A11}.Debug|x64.Build.0 = Debug|Any CPU
		{D12F41F7-98C2-4A72-B71C-9271100B1A11}.Debug|x86.ActiveCfg = Debug|Any CPU
		{D12F41F7-98C2-4A72-B71C-9271100B1A11}.Debug|x86.Build.0 = Debug|Any CPU
		{D12F41F7-98C2-4A72-B71C-9271100B1A11}.Release|Any CPU.ActiveCfg = Release|Any CPU
		{D12F41F7-98C2-4A72-B71C-9271100B1A11}.Release|Any CPU.Build.0 = Release|Any CPU
		{D12F41F7-98C2-4A72-B71C-9271100B1A11}.Release|x64.ActiveCfg = Release|Any CPU
		{D12F41F7-98C2-4A72-B71C-9271100B1A11}.Release|x64.Build.0 = Release|Any CPU
		{D12F41F7-98C2-4A72-B71C-9271100B1A11}.Release|x86.ActiveCfg = Release|Any CPU
		{D12F41F7-98C2-4A72-B71C-9271100B1A11}.Release|x86.Build.0 = Release|Any CPU
		{D12F41F7-98C2-4A72-B71C-9271100B1A09}.Debug|Any CPU.ActiveCfg = Debug|Any CPU
		{D12F41F7-98C2-4A72-B71C-9271100B1A09}.Debug|Any CPU.Build.0 = Debug|Any CPU
		{D12F41F7-98C2-4A72-B71C-9271100B1A09}.Debug|x64.ActiveCfg = Debug|Any CPU
		{D12F41F7-98C2-4A72-B71C-9271100B1A09}.Debug|x64.Build.0 = Debug|Any CPU
		{D12F41F7-98C2-4A72-B71C-9271100B1A09}.Debug|x86.ActiveCfg = Debug|Any CPU
		{D12F41F7-98C2-4A72-B71C-9271100B1A09}.Debug|x86.Build.0 = Debug|Any CPU
		{D12F41F7-98C2-4A72-B71C-9271100B1A09}.Release|Any CPU.ActiveCfg = Release|Any CPU
		{D12F41F7-98C2-4A72-B71C-9271100B1A09}.Release|Any CPU.Build.0 = Release|Any CPU
		{D12F41F7-98C2-4A72-B71C-9271100B1A09}.Release|x64.ActiveCfg = Release|Any CPU
		{D12F41F7-98C2-4A72-B71C-9271100B1A09}.Release|x64.Build.0 = Release|Any CPU
		{D12F41F7-98C2-4A72-B71C-9271100B1A09}.Release|x86.ActiveCfg = Release|Any CPU
		{D12F41F7-98C2-4A72-B71C-9271100B1A09}.Release|x86.Build.0 = Release|Any CPU
		{9A27915D-1118-4D44-93E6-A64E03437462}.Debug|Any CPU.ActiveCfg = Debug|Any CPU
		{9A27915D-1118-4D44-93E6-A64E03437462}.Debug|Any CPU.Build.0 = Debug|Any CPU
		{9A27915D-1118-4D44-93E6-A64E03437462}.Debug|x64.ActiveCfg = Debug|Any CPU
		{9A27915D-1118-4D44-93E6-A64E03437462}.Debug|x64.Build.0 = Debug|Any CPU
		{9A27915D-1118-4D44-93E6-A64E03437462}.Debug|x86.ActiveCfg = Debug|Any CPU
		{9A27915D-1118-4D44-93E6-A64E03437462}.Debug|x86.Build.0 = Debug|Any CPU
		{9A27915D-1118-4D44-93E6-A64E03437462}.Release|Any CPU.ActiveCfg = Release|Any CPU
		{9A27915D-1118-4D44-93E6-A64E03437462}.Release|Any CPU.Build.0 = Release|Any CPU
		{9A27915D-1118-4D44-93E6-A64E03437462}.Release|x64.ActiveCfg = Release|Any CPU
		{9A27915D-1118-4D44-93E6-A64E03437462}.Release|x64.Build.0 = Release|Any CPU
		{9A27915D-1118-4D44-93E6-A64E03437462}.Release|x86.ActiveCfg = Release|Any CPU
		{9A27915D-1118-4D44-93E6-A64E03437462}.Release|x86.Build.0 = Release|Any CPU
		{A61908C8-820F-49A1-9CC5-C5D53407EA63}.Debug|Any CPU.ActiveCfg = Debug|Any CPU
		{A61908C8-820F-49A1-9CC5-C5D53407EA63}.Debug|Any CPU.Build.0 = Debug|Any CPU
		{A61908C8-820F-49A1-9CC5-C5D53407EA63}.Debug|x64.ActiveCfg = Debug|Any CPU
		{A61908C8-820F-49A1-9CC5-C5D53407EA63}.Debug|x64.Build.0 = Debug|Any CPU
		{A61908C8-820F-49A1-9CC5-C5D53407EA63}.Debug|x86.ActiveCfg = Debug|Any CPU
		{A61908C8-820F-49A1-9CC5-C5D53407EA63}.Debug|x86.Build.0 = Debug|Any CPU
		{A61908C8-820F-49A1-9CC5-C5D53407EA63}.Release|Any CPU.ActiveCfg = Release|Any CPU
		{A61908C8-820F-49A1-9CC5-C5D53407EA63}.Release|Any CPU.Build.0 = Release|Any CPU
		{A61908C8-820F-49A1-9CC5-C5D53407EA63}.Release|x64.ActiveCfg = Release|Any CPU
		{A61908C8-820F-49A1-9CC5-C5D53407EA63}.Release|x64.Build.0 = Release|Any CPU
		{A61908C8-820F-49A1-9CC5-C5D53407EA63}.Release|x86.ActiveCfg = Release|Any CPU
		{A61908C8-820F-49A1-9CC5-C5D53407EA63}.Release|x86.Build.0 = Release|Any CPU
		{E73D28CC-EF0D-464C-A56F-FC73A5DF97F5}.Debug|Any CPU.ActiveCfg = Debug|Any CPU
		{E73D28CC-EF0D-464C-A56F-FC73A5DF97F5}.Debug|Any CPU.Build.0 = Debug|Any CPU
		{E73D28CC-EF0D-464C-A56F-FC73A5DF97F5}.Debug|x64.ActiveCfg = Debug|Any CPU
		{E73D28CC-EF0D-464C-A56F-FC73A5DF97F5}.Debug|x64.Build.0 = Debug|Any CPU
		{E73D28CC-EF0D-464C-A56F-FC73A5DF97F5}.Debug|x86.ActiveCfg = Debug|Any CPU
		{E73D28CC-EF0D-464C-A56F-FC73A5DF97F5}.Debug|x86.Build.0 = Debug|Any CPU
		{E73D28CC-EF0D-464C-A56F-FC73A5DF97F5}.Release|Any CPU.ActiveCfg = Release|Any CPU
		{E73D28CC-EF0D-464C-A56F-FC73A5DF97F5}.Release|Any CPU.Build.0 = Release|Any CPU
		{E73D28CC-EF0D-464C-A56F-FC73A5DF97F5}.Release|x64.ActiveCfg = Release|Any CPU
		{E73D28CC-EF0D-464C-A56F-FC73A5DF97F5}.Release|x64.Build.0 = Release|Any CPU
		{E73D28CC-EF0D-464C-A56F-FC73A5DF97F5}.Release|x86.ActiveCfg = Release|Any CPU
		{E73D28CC-EF0D-464C-A56F-FC73A5DF97F5}.Release|x86.Build.0 = Release|Any CPU
		{D12F41F7-98C2-4A72-B71C-9271100B1A01}.Debug|Any CPU.ActiveCfg = Debug|Any CPU
		{D12F41F7-98C2-4A72-B71C-9271100B1A01}.Debug|Any CPU.Build.0 = Debug|Any CPU
		{D12F41F7-98C2-4A72-B71C-9271100B1A01}.Debug|x64.ActiveCfg = Debug|Any CPU
		{D12F41F7-98C2-4A72-B71C-9271100B1A01}.Debug|x64.Build.0 = Debug|Any CPU
		{D12F41F7-98C2-4A72-B71C-9271100B1A01}.Debug|x86.ActiveCfg = Debug|Any CPU
		{D12F41F7-98C2-4A72-B71C-9271100B1A01}.Debug|x86.Build.0 = Debug|Any CPU
		{D12F41F7-98C2-4A72-B71C-9271100B1A01}.Release|Any CPU.ActiveCfg = Release|Any CPU
		{D12F41F7-98C2-4A72-B71C-9271100B1A01}.Release|Any CPU.Build.0 = Release|Any CPU
		{D12F41F7-98C2-4A72-B71C-9271100B1A01}.Release|x64.ActiveCfg = Release|Any CPU
		{D12F41F7-98C2-4A72-B71C-9271100B1A01}.Release|x64.Build.0 = Release|Any CPU
		{D12F41F7-98C2-4A72-B71C-9271100B1A01}.Release|x86.ActiveCfg = Release|Any CPU
		{D12F41F7-98C2-4A72-B71C-9271100B1A01}.Release|x86.Build.0 = Release|Any CPU
		{D12F41F7-98C2-4A72-B71C-9271100B1A02}.Debug|Any CPU.ActiveCfg = Debug|Any CPU
		{D12F41F7-98C2-4A72-B71C-9271100B1A02}.Debug|Any CPU.Build.0 = Debug|Any CPU
		{D12F41F7-98C2-4A72-B71C-9271100B1A02}.Debug|x64.ActiveCfg = Debug|Any CPU
		{D12F41F7-98C2-4A72-B71C-9271100B1A02}.Debug|x64.Build.0 = Debug|Any CPU
		{D12F41F7-98C2-4A72-B71C-9271100B1A02}.Debug|x86.ActiveCfg = Debug|Any CPU
		{D12F41F7-98C2-4A72-B71C-9271100B1A02}.Debug|x86.Build.0 = Debug|Any CPU
		{D12F41F7-98C2-4A72-B71C-9271100B1A02}.Release|Any CPU.ActiveCfg = Release|Any CPU
		{D12F41F7-98C2-4A72-B71C-9271100B1A02}.Release|Any CPU.Build.0 = Release|Any CPU
		{D12F41F7-98C2-4A72-B71C-9271100B1A02}.Release|x64.ActiveCfg = Release|Any CPU
		{D12F41F7-98C2-4A72-B71C-9271100B1A02}.Release|x64.Build.0 = Release|Any CPU
		{D12F41F7-98C2-4A72-B71C-9271100B1A02}.Release|x86.ActiveCfg = Release|Any CPU
		{D12F41F7-98C2-4A72-B71C-9271100B1A02}.Release|x86.Build.0 = Release|Any CPU
		{D12F41F7-98C2-4A72-B71C-9271100B1A03}.Debug|Any CPU.ActiveCfg = Debug|Any CPU
		{D12F41F7-98C2-4A72-B71C-9271100B1A03}.Debug|Any CPU.Build.0 = Debug|Any CPU
		{D12F41F7-98C2-4A72-B71C-9271100B1A03}.Debug|x64.ActiveCfg = Debug|Any CPU
		{D12F41F7-98C2-4A72-B71C-9271100B1A03}.Debug|x64.Build.0 = Debug|Any CPU
		{D12F41F7-98C2-4A72-B71C-9271100B1A03}.Debug|x86.ActiveCfg = Debug|Any CPU
		{D12F41F7-98C2-4A72-B71C-9271100B1A03}.Debug|x86.Build.0 = Debug|Any CPU
		{D12F41F7-98C2-4A72-B71C-9271100B1A03}.Release|Any CPU.ActiveCfg = Release|Any CPU
		{D12F41F7-98C2-4A72-B71C-9271100B1A03}.Release|Any CPU.Build.0 = Release|Any CPU
		{D12F41F7-98C2-4A72-B71C-9271100B1A03}.Release|x64.ActiveCfg = Release|Any CPU
		{D12F41F7-98C2-4A72-B71C-9271100B1A03}.Release|x64.Build.0 = Release|Any CPU
		{D12F41F7-98C2-4A72-B71C-9271100B1A03}.Release|x86.ActiveCfg = Release|Any CPU
		{D12F41F7-98C2-4A72-B71C-9271100B1A03}.Release|x86.Build.0 = Release|Any CPU
		{D12F41F7-98C2-4A72-B71C-9271100B1A04}.Debug|Any CPU.ActiveCfg = Debug|Any CPU
		{D12F41F7-98C2-4A72-B71C-9271100B1A04}.Debug|Any CPU.Build.0 = Debug|Any CPU
		{D12F41F7-98C2-4A72-B71C-9271100B1A04}.Debug|x64.ActiveCfg = Debug|Any CPU
		{D12F41F7-98C2-4A72-B71C-9271100B1A04}.Debug|x64.Build.0 = Debug|Any CPU
		{D12F41F7-98C2-4A72-B71C-9271100B1A04}.Debug|x86.ActiveCfg = Debug|Any CPU
		{D12F41F7-98C2-4A72-B71C-9271100B1A04}.Debug|x86.Build.0 = Debug|Any CPU
		{D12F41F7-98C2-4A72-B71C-9271100B1A04}.Release|Any CPU.ActiveCfg = Release|Any CPU
		{D12F41F7-98C2-4A72-B71C-9271100B1A04}.Release|Any CPU.Build.0 = Release|Any CPU
		{D12F41F7-98C2-4A72-B71C-9271100B1A04}.Release|x64.ActiveCfg = Release|Any CPU
		{D12F41F7-98C2-4A72-B71C-9271100B1A04}.Release|x64.Build.0 = Release|Any CPU
		{D12F41F7-98C2-4A72-B71C-9271100B1A04}.Release|x86.ActiveCfg = Release|Any CPU
		{D12F41F7-98C2-4A72-B71C-9271100B1A04}.Release|x86.Build.0 = Release|Any CPU
		{D12F41F7-98C2-4A72-B71C-9271100B1A06}.Debug|Any CPU.ActiveCfg = Debug|Any CPU
		{D12F41F7-98C2-4A72-B71C-9271100B1A06}.Debug|Any CPU.Build.0 = Debug|Any CPU
		{D12F41F7-98C2-4A72-B71C-9271100B1A06}.Debug|x64.ActiveCfg = Debug|Any CPU
		{D12F41F7-98C2-4A72-B71C-9271100B1A06}.Debug|x64.Build.0 = Debug|Any CPU
		{D12F41F7-98C2-4A72-B71C-9271100B1A06}.Debug|x86.ActiveCfg = Debug|Any CPU
		{D12F41F7-98C2-4A72-B71C-9271100B1A06}.Debug|x86.Build.0 = Debug|Any CPU
		{D12F41F7-98C2-4A72-B71C-9271100B1A06}.Release|Any CPU.ActiveCfg = Release|Any CPU
		{D12F41F7-98C2-4A72-B71C-9271100B1A06}.Release|Any CPU.Build.0 = Release|Any CPU
		{D12F41F7-98C2-4A72-B71C-9271100B1A06}.Release|x64.ActiveCfg = Release|Any CPU
		{D12F41F7-98C2-4A72-B71C-9271100B1A06}.Release|x64.Build.0 = Release|Any CPU
		{D12F41F7-98C2-4A72-B71C-9271100B1A06}.Release|x86.ActiveCfg = Release|Any CPU
		{D12F41F7-98C2-4A72-B71C-9271100B1A06}.Release|x86.Build.0 = Release|Any CPU
		{D12F41F7-98C2-4A72-B71C-9271100B1A05}.Debug|Any CPU.ActiveCfg = Debug|Any CPU
		{D12F41F7-98C2-4A72-B71C-9271100B1A05}.Debug|Any CPU.Build.0 = Debug|Any CPU
		{D12F41F7-98C2-4A72-B71C-9271100B1A05}.Debug|x64.ActiveCfg = Debug|Any CPU
		{D12F41F7-98C2-4A72-B71C-9271100B1A05}.Debug|x64.Build.0 = Debug|Any CPU
		{D12F41F7-98C2-4A72-B71C-9271100B1A05}.Debug|x86.ActiveCfg = Debug|Any CPU
		{D12F41F7-98C2-4A72-B71C-9271100B1A05}.Debug|x86.Build.0 = Debug|Any CPU
		{D12F41F7-98C2-4A72-B71C-9271100B1A05}.Release|Any CPU.ActiveCfg = Release|Any CPU
		{D12F41F7-98C2-4A72-B71C-9271100B1A05}.Release|Any CPU.Build.0 = Release|Any CPU
		{D12F41F7-98C2-4A72-B71C-9271100B1A05}.Release|x64.ActiveCfg = Release|Any CPU
		{D12F41F7-98C2-4A72-B71C-9271100B1A05}.Release|x64.Build.0 = Release|Any CPU
		{D12F41F7-98C2-4A72-B71C-9271100B1A05}.Release|x86.ActiveCfg = Release|Any CPU
		{D12F41F7-98C2-4A72-B71C-9271100B1A05}.Release|x86.Build.0 = Release|Any CPU
		{D12F41F7-98C2-4A72-B71C-9271100B1A12}.Debug|Any CPU.ActiveCfg = Debug|Any CPU
		{D12F41F7-98C2-4A72-B71C-9271100B1A12}.Debug|Any CPU.Build.0 = Debug|Any CPU
		{D12F41F7-98C2-4A72-B71C-9271100B1A12}.Debug|x64.ActiveCfg = Debug|Any CPU
		{D12F41F7-98C2-4A72-B71C-9271100B1A12}.Debug|x64.Build.0 = Debug|Any CPU
		{D12F41F7-98C2-4A72-B71C-9271100B1A12}.Debug|x86.ActiveCfg = Debug|Any CPU
		{D12F41F7-98C2-4A72-B71C-9271100B1A12}.Debug|x86.Build.0 = Debug|Any CPU
		{D12F41F7-98C2-4A72-B71C-9271100B1A12}.Release|Any CPU.ActiveCfg = Release|Any CPU
		{D12F41F7-98C2-4A72-B71C-9271100B1A12}.Release|Any CPU.Build.0 = Release|Any CPU
		{D12F41F7-98C2-4A72-B71C-9271100B1A12}.Release|x64.ActiveCfg = Release|Any CPU
		{D12F41F7-98C2-4A72-B71C-9271100B1A12}.Release|x64.Build.0 = Release|Any CPU
		{D12F41F7-98C2-4A72-B71C-9271100B1A12}.Release|x86.ActiveCfg = Release|Any CPU
		{D12F41F7-98C2-4A72-B71C-9271100B1A12}.Release|x86.Build.0 = Release|Any CPU
		{D12F41F7-98C2-4A72-B71C-9271100B1A13}.Debug|Any CPU.ActiveCfg = Debug|Any CPU
		{D12F41F7-98C2-4A72-B71C-9271100B1A13}.Debug|Any CPU.Build.0 = Debug|Any CPU
		{D12F41F7-98C2-4A72-B71C-9271100B1A13}.Debug|x64.ActiveCfg = Debug|Any CPU
		{D12F41F7-98C2-4A72-B71C-9271100B1A13}.Debug|x64.Build.0 = Debug|Any CPU
		{D12F41F7-98C2-4A72-B71C-9271100B1A13}.Debug|x86.ActiveCfg = Debug|Any CPU
		{D12F41F7-98C2-4A72-B71C-9271100B1A13}.Debug|x86.Build.0 = Debug|Any CPU
		{D12F41F7-98C2-4A72-B71C-9271100B1A13}.Release|Any CPU.ActiveCfg = Release|Any CPU
		{D12F41F7-98C2-4A72-B71C-9271100B1A13}.Release|Any CPU.Build.0 = Release|Any CPU
		{D12F41F7-98C2-4A72-B71C-9271100B1A13}.Release|x64.ActiveCfg = Release|Any CPU
		{D12F41F7-98C2-4A72-B71C-9271100B1A13}.Release|x64.Build.0 = Release|Any CPU
		{D12F41F7-98C2-4A72-B71C-9271100B1A13}.Release|x86.ActiveCfg = Release|Any CPU
		{D12F41F7-98C2-4A72-B71C-9271100B1A13}.Release|x86.Build.0 = Release|Any CPU
		{D12F41F7-98C2-4A72-B71C-9271100B1A14}.Debug|Any CPU.ActiveCfg = Debug|Any CPU
		{D12F41F7-98C2-4A72-B71C-9271100B1A14}.Debug|Any CPU.Build.0 = Debug|Any CPU
		{D12F41F7-98C2-4A72-B71C-9271100B1A14}.Debug|x64.ActiveCfg = Debug|Any CPU
		{D12F41F7-98C2-4A72-B71C-9271100B1A14}.Debug|x64.Build.0 = Debug|Any CPU
		{D12F41F7-98C2-4A72-B71C-9271100B1A14}.Debug|x86.ActiveCfg = Debug|Any CPU
		{D12F41F7-98C2-4A72-B71C-9271100B1A14}.Debug|x86.Build.0 = Debug|Any CPU
		{D12F41F7-98C2-4A72-B71C-9271100B1A14}.Release|Any CPU.ActiveCfg = Release|Any CPU
		{D12F41F7-98C2-4A72-B71C-9271100B1A14}.Release|Any CPU.Build.0 = Release|Any CPU
		{D12F41F7-98C2-4A72-B71C-9271100B1A14}.Release|x64.ActiveCfg = Release|Any CPU
		{D12F41F7-98C2-4A72-B71C-9271100B1A14}.Release|x64.Build.0 = Release|Any CPU
		{D12F41F7-98C2-4A72-B71C-9271100B1A14}.Release|x86.ActiveCfg = Release|Any CPU
		{D12F41F7-98C2-4A72-B71C-9271100B1A14}.Release|x86.Build.0 = Release|Any CPU
		{8D12F19D-2271-4A4A-9EEB-68060D744225}.Debug|Any CPU.ActiveCfg = Debug|Any CPU
		{8D12F19D-2271-4A4A-9EEB-68060D744225}.Debug|Any CPU.Build.0 = Debug|Any CPU
		{8D12F19D-2271-4A4A-9EEB-68060D744225}.Debug|x64.ActiveCfg = Debug|Any CPU
		{8D12F19D-2271-4A4A-9EEB-68060D744225}.Debug|x64.Build.0 = Debug|Any CPU
		{8D12F19D-2271-4A4A-9EEB-68060D744225}.Debug|x86.ActiveCfg = Debug|Any CPU
		{8D12F19D-2271-4A4A-9EEB-68060D744225}.Debug|x86.Build.0 = Debug|Any CPU
		{8D12F19D-2271-4A4A-9EEB-68060D744225}.Release|Any CPU.ActiveCfg = Release|Any CPU
		{8D12F19D-2271-4A4A-9EEB-68060D744225}.Release|Any CPU.Build.0 = Release|Any CPU
		{8D12F19D-2271-4A4A-9EEB-68060D744225}.Release|x64.ActiveCfg = Release|Any CPU
		{8D12F19D-2271-4A4A-9EEB-68060D744225}.Release|x64.Build.0 = Release|Any CPU
		{8D12F19D-2271-4A4A-9EEB-68060D744225}.Release|x86.ActiveCfg = Release|Any CPU
		{8D12F19D-2271-4A4A-9EEB-68060D744225}.Release|x86.Build.0 = Release|Any CPU
		{E63E0A38-B354-43DD-9B30-34857E34E2FD}.Debug|Any CPU.ActiveCfg = Debug|Any CPU
		{E63E0A38-B354-43DD-9B30-34857E34E2FD}.Debug|Any CPU.Build.0 = Debug|Any CPU
		{E63E0A38-B354-43DD-9B30-34857E34E2FD}.Debug|x64.ActiveCfg = Debug|Any CPU
		{E63E0A38-B354-43DD-9B30-34857E34E2FD}.Debug|x64.Build.0 = Debug|Any CPU
		{E63E0A38-B354-43DD-9B30-34857E34E2FD}.Debug|x86.ActiveCfg = Debug|Any CPU
		{E63E0A38-B354-43DD-9B30-34857E34E2FD}.Debug|x86.Build.0 = Debug|Any CPU
		{E63E0A38-B354-43DD-9B30-34857E34E2FD}.Release|Any CPU.ActiveCfg = Release|Any CPU
		{E63E0A38-B354-43DD-9B30-34857E34E2FD}.Release|Any CPU.Build.0 = Release|Any CPU
		{E63E0A38-B354-43DD-9B30-34857E34E2FD}.Release|x64.ActiveCfg = Release|Any CPU
		{E63E0A38-B354-43DD-9B30-34857E34E2FD}.Release|x64.Build.0 = Release|Any CPU
		{E63E0A38-B354-43DD-9B30-34857E34E2FD}.Release|x86.ActiveCfg = Release|Any CPU
		{E63E0A38-B354-43DD-9B30-34857E34E2FD}.Release|x86.Build.0 = Release|Any CPU
		{9ECCDCA4-2153-44D1-980A-4009CFDC4DB3}.Debug|Any CPU.ActiveCfg = Debug|Any CPU
		{9ECCDCA4-2153-44D1-980A-4009CFDC4DB3}.Debug|Any CPU.Build.0 = Debug|Any CPU
		{9ECCDCA4-2153-44D1-980A-4009CFDC4DB3}.Debug|x64.ActiveCfg = Debug|Any CPU
		{9ECCDCA4-2153-44D1-980A-4009CFDC4DB3}.Debug|x64.Build.0 = Debug|Any CPU
		{9ECCDCA4-2153-44D1-980A-4009CFDC4DB3}.Debug|x86.ActiveCfg = Debug|Any CPU
		{9ECCDCA4-2153-44D1-980A-4009CFDC4DB3}.Debug|x86.Build.0 = Debug|Any CPU
		{9ECCDCA4-2153-44D1-980A-4009CFDC4DB3}.Release|Any CPU.ActiveCfg = Release|Any CPU
		{9ECCDCA4-2153-44D1-980A-4009CFDC4DB3}.Release|Any CPU.Build.0 = Release|Any CPU
		{9ECCDCA4-2153-44D1-980A-4009CFDC4DB3}.Release|x64.ActiveCfg = Release|Any CPU
		{9ECCDCA4-2153-44D1-980A-4009CFDC4DB3}.Release|x64.Build.0 = Release|Any CPU
		{9ECCDCA4-2153-44D1-980A-4009CFDC4DB3}.Release|x86.ActiveCfg = Release|Any CPU
		{9ECCDCA4-2153-44D1-980A-4009CFDC4DB3}.Release|x86.Build.0 = Release|Any CPU
	EndGlobalSection
	GlobalSection(SolutionProperties) = preSolution
		HideSolutionNode = FALSE
	EndGlobalSection
	GlobalSection(NestedProjects) = preSolution
		{8D12F19D-2271-4A4A-9EEB-68060D744225} = {827E0CD3-B72D-47B6-A68D-7590B98EB39B}
		{E63E0A38-B354-43DD-9B30-34857E34E2FD} = {827E0CD3-B72D-47B6-A68D-7590B98EB39B}
		{9ECCDCA4-2153-44D1-980A-4009CFDC4DB3} = {827E0CD3-B72D-47B6-A68D-7590B98EB39B}
	EndGlobalSection
EndGlobal
