Microsoft Visual Studio Solution File, Format Version 12.00
# Visual Studio Version 17
VisualStudioVersion = 17.0.31903.59
MinimumVisualStudioVersion = 10.0.40219.1
Project("{FAE04EC0-301F-11D3-BF4B-00C04F79EFBC}") = "Mezhs.Api", "src\Mezhs.Api\Mezhs.Api.csproj", "{94D76B09-F6C1-41DC-B503-07225404269C}"
EndProject
Project("{FAE04EC0-301F-11D3-BF4B-00C04F79EFBC}") = "Mezhs.Web", "src\Mezhs.Web\Mezhs.Web.csproj", "{9A27915D-1118-4D44-93E6-A64E03437462}"
EndProject
Project("{FAE04EC0-301F-11D3-BF4B-00C04F79EFBC}") = "Mezhs.Browser.Abstractions", "transports\Mezhs.Browser.Abstractions\Mezhs.Browser.Abstractions.csproj", "{A61908C8-820F-49A1-9CC5-C5D53407EA63}"
EndProject
Project("{FAE04EC0-301F-11D3-BF4B-00C04F79EFBC}") = "Mezhs.Browser.Electron", "transports\Mezhs.Browser.Electron\Mezhs.Browser.Electron.csproj", "{E73D28CC-EF0D-464C-A56F-FC73A5DF97F5}"
EndProject
Project("{FAE04EC0-301F-11D3-BF4B-00C04F79EFBC}") = "Mezhs.Integration.Abstractions", "src\Mezhs.Integration.Abstractions\Mezhs.Integration.Abstractions.csproj", "{D12F41F7-98C2-4A72-B71C-9271100B1A01}"
EndProject
Project("{FAE04EC0-301F-11D3-BF4B-00C04F79EFBC}") = "Mezhs.Integration.Browser", "src\Mezhs.Integration.Browser\Mezhs.Integration.Browser.csproj", "{D12F41F7-98C2-4A72-B71C-9271100B1A02}"
EndProject
Project("{FAE04EC0-301F-11D3-BF4B-00C04F79EFBC}") = "Mezhs.Integrations.ChatGpt", "integrations\Mezhs.Integrations.ChatGpt\Mezhs.Integrations.ChatGpt.csproj", "{D12F41F7-98C2-4A72-B71C-9271100B1A03}"
EndProject
Project("{FAE04EC0-301F-11D3-BF4B-00C04F79EFBC}") = "Mezhs.Integrations.Gemini", "integrations\Mezhs.Integrations.Gemini\Mezhs.Integrations.Gemini.csproj", "{D12F41F7-98C2-4A72-B71C-9271100B1A04}"
EndProject
Project("{FAE04EC0-301F-11D3-BF4B-00C04F79EFBC}") = "Mezhs.Integrations.Grok", "integrations\Mezhs.Integrations.Grok\Mezhs.Integrations.Grok.csproj", "{D12F41F7-98C2-4A72-B71C-9271100B1A06}"
EndProject
Project("{FAE04EC0-301F-11D3-BF4B-00C04F79EFBC}") = "Mezhs.Integrations.Mock", "integrations\Mezhs.Integrations.Mock\Mezhs.Integrations.Mock.csproj", "{D12F41F7-98C2-4A72-B71C-9271100B1A05}"
EndProject
Global
	GlobalSection(SolutionConfigurationPlatforms) = preSolution
		Debug|Any CPU = Debug|Any CPU
		Release|Any CPU = Release|Any CPU
	EndGlobalSection
	GlobalSection(ProjectConfigurationPlatforms) = postSolution
		{94D76B09-F6C1-41DC-B503-07225404269C}.Debug|Any CPU.ActiveCfg = Debug|Any CPU
		{94D76B09-F6C1-41DC-B503-07225404269C}.Debug|Any CPU.Build.0 = Debug|Any CPU
		{94D76B09-F6C1-41DC-B503-07225404269C}.Release|Any CPU.ActiveCfg = Release|Any CPU
		{94D76B09-F6C1-41DC-B503-07225404269C}.Release|Any CPU.Build.0 = Release|Any CPU
		{9A27915D-1118-4D44-93E6-A64E03437462}.Debug|Any CPU.ActiveCfg = Debug|Any CPU
		{9A27915D-1118-4D44-93E6-A64E03437462}.Debug|Any CPU.Build.0 = Debug|Any CPU
		{9A27915D-1118-4D44-93E6-A64E03437462}.Release|Any CPU.ActiveCfg = Release|Any CPU
		{9A27915D-1118-4D44-93E6-A64E03437462}.Release|Any CPU.Build.0 = Release|Any CPU
		{A61908C8-820F-49A1-9CC5-C5D53407EA63}.Debug|Any CPU.ActiveCfg = Debug|Any CPU
		{A61908C8-820F-49A1-9CC5-C5D53407EA63}.Debug|Any CPU.Build.0 = Debug|Any CPU
		{A61908C8-820F-49A1-9CC5-C5D53407EA63}.Release|Any CPU.ActiveCfg = Release|Any CPU
		{A61908C8-820F-49A1-9CC5-C5D53407EA63}.Release|Any CPU.Build.0 = Release|Any CPU
		{E73D28CC-EF0D-464C-A56F-FC73A5DF97F5}.Debug|Any CPU.ActiveCfg = Debug|Any CPU
		{E73D28CC-EF0D-464C-A56F-FC73A5DF97F5}.Debug|Any CPU.Build.0 = Debug|Any CPU
		{E73D28CC-EF0D-464C-A56F-FC73A5DF97F5}.Release|Any CPU.ActiveCfg = Release|Any CPU
		{E73D28CC-EF0D-464C-A56F-FC73A5DF97F5}.Release|Any CPU.Build.0 = Release|Any CPU
		{D12F41F7-98C2-4A72-B71C-9271100B1A01}.Debug|Any CPU.ActiveCfg = Debug|Any CPU
		{D12F41F7-98C2-4A72-B71C-9271100B1A01}.Debug|Any CPU.Build.0 = Debug|Any CPU
		{D12F41F7-98C2-4A72-B71C-9271100B1A01}.Release|Any CPU.ActiveCfg = Release|Any CPU
		{D12F41F7-98C2-4A72-B71C-9271100B1A01}.Release|Any CPU.Build.0 = Release|Any CPU
		{D12F41F7-98C2-4A72-B71C-9271100B1A02}.Debug|Any CPU.ActiveCfg = Debug|Any CPU
		{D12F41F7-98C2-4A72-B71C-9271100B1A02}.Debug|Any CPU.Build.0 = Debug|Any CPU
		{D12F41F7-98C2-4A72-B71C-9271100B1A02}.Release|Any CPU.ActiveCfg = Release|Any CPU
		{D12F41F7-98C2-4A72-B71C-9271100B1A02}.Release|Any CPU.Build.0 = Release|Any CPU
		{D12F41F7-98C2-4A72-B71C-9271100B1A03}.Debug|Any CPU.ActiveCfg = Debug|Any CPU
		{D12F41F7-98C2-4A72-B71C-9271100B1A03}.Debug|Any CPU.Build.0 = Debug|Any CPU
		{D12F41F7-98C2-4A72-B71C-9271100B1A03}.Release|Any CPU.ActiveCfg = Release|Any CPU
		{D12F41F7-98C2-4A72-B71C-9271100B1A03}.Release|Any CPU.Build.0 = Release|Any CPU
		{D12F41F7-98C2-4A72-B71C-9271100B1A04}.Debug|Any CPU.ActiveCfg = Debug|Any CPU
		{D12F41F7-98C2-4A72-B71C-9271100B1A04}.Debug|Any CPU.Build.0 = Debug|Any CPU
		{D12F41F7-98C2-4A72-B71C-9271100B1A04}.Release|Any CPU.ActiveCfg = Release|Any CPU
		{D12F41F7-98C2-4A72-B71C-9271100B1A04}.Release|Any CPU.Build.0 = Release|Any CPU
		{D12F41F7-98C2-4A72-B71C-9271100B1A06}.Debug|Any CPU.ActiveCfg = Debug|Any CPU
		{D12F41F7-98C2-4A72-B71C-9271100B1A06}.Debug|Any CPU.Build.0 = Debug|Any CPU
		{D12F41F7-98C2-4A72-B71C-9271100B1A06}.Release|Any CPU.ActiveCfg = Release|Any CPU
		{D12F41F7-98C2-4A72-B71C-9271100B1A06}.Release|Any CPU.Build.0 = Release|Any CPU
		{D12F41F7-98C2-4A72-B71C-9271100B1A05}.Debug|Any CPU.ActiveCfg = Debug|Any CPU
		{D12F41F7-98C2-4A72-B71C-9271100B1A05}.Debug|Any CPU.Build.0 = Debug|Any CPU
		{D12F41F7-98C2-4A72-B71C-9271100B1A05}.Release|Any CPU.ActiveCfg = Release|Any CPU
		{D12F41F7-98C2-4A72-B71C-9271100B1A05}.Release|Any CPU.Build.0 = Release|Any CPU
	EndGlobalSection
	GlobalSection(SolutionProperties) = preSolution
		HideSolutionNode = FALSE
	EndGlobalSection
EndGlobal
